Microsoft Visual Studio Solution File, Format Version 12.00
# Visual Studio 2012
Project("{FAE04EC0-301F-11D3-BF4B-00C04F79EFBC}") = "NorthwindServiceCS", "NorthwindServiceCS\NorthwindServiceCS.csproj", "{61C99464-B563-4B6A-ABEE-F02FC3681DCC}"
EndProject
Project("{F184B08F-C81C-45F6-A57F-5ABD9991F28F}") = "NorthwindServiceVB", "NorthwindServiceVB\NorthwindServiceVB.vbproj", "{668CD63D-D595-43FC-A15B-70AEA1438FCD}"
EndProject
Project("{1B19158F-E398-40A6-8E3B-350508E125F1}") = "NorthwindClient.Shared", "NorthwindClient.Shared\NorthwindClient.Shared.dxjsproj", "{EDD6F747-9196-4CD1-9076-456D787567B9}"
EndProject
Project("{1B19158F-E398-40A6-8E3B-350508E125F1}") = "NorthwindClient.Mobile", "NorthwindClient.Mobile\NorthwindClient.Mobile.dxjsproj", "{78322228-3BD8-4736-8F5D-FB2281D9468D}"
EndProject
Global
	GlobalSection(SolutionConfigurationPlatforms) = preSolution
		Debug|Any CPU = Debug|Any CPU
		Debug|x86 = Debug|x86
		Release|Any CPU = Release|Any CPU
		Release|x86 = Release|x86
	EndGlobalSection
	GlobalSection(ProjectConfigurationPlatforms) = postSolution
		{61C99464-B563-4B6A-ABEE-F02FC3681DCC}.Debug|Any CPU.ActiveCfg = Debug|Any CPU
		{61C99464-B563-4B6A-ABEE-F02FC3681DCC}.Debug|Any CPU.Build.0 = Debug|Any CPU
		{61C99464-B563-4B6A-ABEE-F02FC3681DCC}.Debug|x86.ActiveCfg = Debug|Any CPU
		{61C99464-B563-4B6A-ABEE-F02FC3681DCC}.Release|Any CPU.ActiveCfg = Release|Any CPU
		{61C99464-B563-4B6A-ABEE-F02FC3681DCC}.Release|Any CPU.Build.0 = Release|Any CPU
		{61C99464-B563-4B6A-ABEE-F02FC3681DCC}.Release|x86.ActiveCfg = Release|Any CPU
		{668CD63D-D595-43FC-A15B-70AEA1438FCD}.Debug|Any CPU.ActiveCfg = Debug|Any CPU
		{668CD63D-D595-43FC-A15B-70AEA1438FCD}.Debug|Any CPU.Build.0 = Debug|Any CPU
		{668CD63D-D595-43FC-A15B-70AEA1438FCD}.Debug|x86.ActiveCfg = Debug|Any CPU
		{668CD63D-D595-43FC-A15B-70AEA1438FCD}.Release|Any CPU.ActiveCfg = Release|Any CPU
		{668CD63D-D595-43FC-A15B-70AEA1438FCD}.Release|Any CPU.Build.0 = Release|Any CPU
		{668CD63D-D595-43FC-A15B-70AEA1438FCD}.Release|x86.ActiveCfg = Release|Any CPU
		{EDD6F747-9196-4CD1-9076-456D787567B9}.Debug|Any CPU.ActiveCfg = Debug|Any CPU
		{EDD6F747-9196-4CD1-9076-456D787567B9}.Debug|Any CPU.Build.0 = Debug|Any CPU
		{EDD6F747-9196-4CD1-9076-456D787567B9}.Debug|x86.ActiveCfg = Debug|Any CPU
		{EDD6F747-9196-4CD1-9076-456D787567B9}.Release|Any CPU.ActiveCfg = Release|Any CPU
		{EDD6F747-9196-4CD1-9076-456D787567B9}.Release|Any CPU.Build.0 = Release|Any CPU
		{EDD6F747-9196-4CD1-9076-456D787567B9}.Release|x86.ActiveCfg = Release|Any CPU
		{78322228-3BD8-4736-8F5D-FB2281D9468D}.Debug|Any CPU.ActiveCfg = Debug|Any CPU
		{78322228-3BD8-4736-8F5D-FB2281D9468D}.Debug|Any CPU.Build.0 = Debug|Any CPU
		{78322228-3BD8-4736-8F5D-FB2281D9468D}.Debug|x86.ActiveCfg = Debug|Any CPU
		{78322228-3BD8-4736-8F5D-FB2281D9468D}.Release|Any CPU.ActiveCfg = Release|Any CPU
		{78322228-3BD8-4736-8F5D-FB2281D9468D}.Release|Any CPU.Build.0 = Release|Any CPU
		{78322228-3BD8-4736-8F5D-FB2281D9468D}.Release|x86.ActiveCfg = Release|Any CPU
	EndGlobalSection
	GlobalSection(SolutionProperties) = preSolution
		HideSolutionNode = FALSE
	EndGlobalSection
EndGlobal
